// !$*UTF8*$!
{
	archiveVersion = 1;
	classes = {
	};
	objectVersion = 56;
	objects = {

/* Begin PBXBuildFile section */
		521202262BEBDC5D00A927A4 /* SafariView.swift in Sources */ = {isa = PBXBuildFile; fileRef = 521202252BEBDC5D00A927A4 /* SafariView.swift */; };
		5228FBB42BEA9C5500AC1EB6 /* GHFSecondaryTitleLabelView.swift in Sources */ = {isa = PBXBuildFile; fileRef = 5228FBB32BEA9C5500AC1EB6 /* GHFSecondaryTitleLabelView.swift */; };
		5228FBB62BEA9CE100AC1EB6 /* GHFUserInfoHeaderView.swift in Sources */ = {isa = PBXBuildFile; fileRef = 5228FBB52BEA9CE100AC1EB6 /* GHFUserInfoHeaderView.swift */; };
		5228FBBA2BEAB54100AC1EB6 /* GHFItemInfoView.swift in Sources */ = {isa = PBXBuildFile; fileRef = 5228FBB92BEAB54000AC1EB6 /* GHFItemInfoView.swift */; };
		5228FBBC2BEAB59500AC1EB6 /* ItemInfoType.swift in Sources */ = {isa = PBXBuildFile; fileRef = 5228FBBB2BEAB59500AC1EB6 /* ItemInfoType.swift */; };
		5228FBC52BEAC83600AC1EB6 /* GHFRepoItemView.swift in Sources */ = {isa = PBXBuildFile; fileRef = 5228FBC42BEAC83600AC1EB6 /* GHFRepoItemView.swift */; };
		5228FBC72BEACA5700AC1EB6 /* GHFFollowerItemView.swift in Sources */ = {isa = PBXBuildFile; fileRef = 5228FBC62BEACA5700AC1EB6 /* GHFFollowerItemView.swift */; };
		5228FBCB2BEAD0EC00AC1EB6 /* Dates+Ext.swift in Sources */ = {isa = PBXBuildFile; fileRef = 5228FBCA2BEAD0EC00AC1EB6 /* Dates+Ext.swift */; };
		5268C8B42BE4528C00EB978F /* GHFAlertView.swift in Sources */ = {isa = PBXBuildFile; fileRef = 5268C8B32BE4528C00EB978F /* GHFAlertView.swift */; };
		5268C8B62BE45B5400EB978F /* GHFTitleLabelView.swift in Sources */ = {isa = PBXBuildFile; fileRef = 5268C8B52BE45B5400EB978F /* GHFTitleLabelView.swift */; };
		5268C8B82BE45C6100EB978F /* GHFBodyLabelView.swift in Sources */ = {isa = PBXBuildFile; fileRef = 5268C8B72BE45C6100EB978F /* GHFBodyLabelView.swift */; };
		5268C8BA2BE45EE600EB978F /* View+Ext.swift in Sources */ = {isa = PBXBuildFile; fileRef = 5268C8B92BE45EE600EB978F /* View+Ext.swift */; };
		526D8FE92BE52ECA00287022 /* Follower.swift in Sources */ = {isa = PBXBuildFile; fileRef = 526D8FE82BE52ECA00287022 /* Follower.swift */; };
		526D8FEB2BE52EE900287022 /* User.swift in Sources */ = {isa = PBXBuildFile; fileRef = 526D8FEA2BE52EE900287022 /* User.swift */; };
		526D8FF12BE53E9200287022 /* NetworkManager.swift in Sources */ = {isa = PBXBuildFile; fileRef = 526D8FF02BE53E9200287022 /* NetworkManager.swift */; };
		526D8FF42BE5410500287022 /* NetworkError.swift in Sources */ = {isa = PBXBuildFile; fileRef = 526D8FF32BE5410500287022 /* NetworkError.swift */; };
		526D8FFF2BE560DD00287022 /* FollowerCell.swift in Sources */ = {isa = PBXBuildFile; fileRef = 526D8FFE2BE560DD00287022 /* FollowerCell.swift */; };
		526D90012BE560FE00287022 /* GHFAvatarImageView.swift in Sources */ = {isa = PBXBuildFile; fileRef = 526D90002BE560FE00287022 /* GHFAvatarImageView.swift */; };
		528C724B2BE2FE4A0063C289 /* GitHubFollowersApp.swift in Sources */ = {isa = PBXBuildFile; fileRef = 528C724A2BE2FE4A0063C289 /* GitHubFollowersApp.swift */; };
		528C724D2BE2FE4A0063C289 /* MainView.swift in Sources */ = {isa = PBXBuildFile; fileRef = 528C724C2BE2FE4A0063C289 /* MainView.swift */; };
		528C724F2BE2FE4B0063C289 /* Assets.xcassets in Resources */ = {isa = PBXBuildFile; fileRef = 528C724E2BE2FE4B0063C289 /* Assets.xcassets */; };
		528C72522BE2FE4B0063C289 /* Preview Assets.xcassets in Resources */ = {isa = PBXBuildFile; fileRef = 528C72512BE2FE4B0063C289 /* Preview Assets.xcassets */; };
		52AD047D2BE5EE4E002FF222 /* GitHubRate.swift in Sources */ = {isa = PBXBuildFile; fileRef = 52AD047C2BE5EE4E002FF222 /* GitHubRate.swift */; };
		52AD04872BE94201002FF222 /* GHFEmptyStateView.swift in Sources */ = {isa = PBXBuildFile; fileRef = 52AD04862BE94201002FF222 /* GHFEmptyStateView.swift */; };
		52AD048B2BE96C2E002FF222 /* UserDetailView.swift in Sources */ = {isa = PBXBuildFile; fileRef = 52AD048A2BE96C2E002FF222 /* UserDetailView.swift */; };
		52CFA3C72BE40BD40004D9A5 /* GHFButton.swift in Sources */ = {isa = PBXBuildFile; fileRef = 52CFA3C62BE40BD40004D9A5 /* GHFButton.swift */; };
		52CFA3C92BE40D510004D9A5 /* GHFTextField.swift in Sources */ = {isa = PBXBuildFile; fileRef = 52CFA3C82BE40D510004D9A5 /* GHFTextField.swift */; };
		52CFA3CB2BE412F90004D9A5 /* Color+Ext.swift in Sources */ = {isa = PBXBuildFile; fileRef = 52CFA3CA2BE412F90004D9A5 /* Color+Ext.swift */; };
		52CFA3CF2BE41A1F0004D9A5 /* SearchView.swift in Sources */ = {isa = PBXBuildFile; fileRef = 52CFA3CE2BE41A1F0004D9A5 /* SearchView.swift */; };
		52CFA3D12BE41A280004D9A5 /* FavoritesView.swift in Sources */ = {isa = PBXBuildFile; fileRef = 52CFA3D02BE41A280004D9A5 /* FavoritesView.swift */; };
		52CFA3D52BE431320004D9A5 /* FollowersView.swift in Sources */ = {isa = PBXBuildFile; fileRef = 52CFA3D42BE431320004D9A5 /* FollowersView.swift */; };
		52CFA3D72BE434080004D9A5 /* GHFText.swift in Sources */ = {isa = PBXBuildFile; fileRef = 52CFA3D62BE434080004D9A5 /* GHFText.swift */; };
		52CFA3D92BE43C5D0004D9A5 /* String+Ext.swift in Sources */ = {isa = PBXBuildFile; fileRef = 52CFA3D82BE43C5D0004D9A5 /* String+Ext.swift */; };
/* End PBXBuildFile section */

/* Begin PBXFileReference section */
		521202252BEBDC5D00A927A4 /* SafariView.swift */ = {isa = PBXFileReference; lastKnownFileType = sourcecode.swift; path = SafariView.swift; sourceTree = "<group>"; };
		5228FBB32BEA9C5500AC1EB6 /* GHFSecondaryTitleLabelView.swift */ = {isa = PBXFileReference; lastKnownFileType = sourcecode.swift; path = GHFSecondaryTitleLabelView.swift; sourceTree = "<group>"; };
		5228FBB52BEA9CE100AC1EB6 /* GHFUserInfoHeaderView.swift */ = {isa = PBXFileReference; lastKnownFileType = sourcecode.swift; path = GHFUserInfoHeaderView.swift; sourceTree = "<group>"; };
		5228FBB92BEAB54000AC1EB6 /* GHFItemInfoView.swift */ = {isa = PBXFileReference; lastKnownFileType = sourcecode.swift; path = GHFItemInfoView.swift; sourceTree = "<group>"; };
		5228FBBB2BEAB59500AC1EB6 /* ItemInfoType.swift */ = {isa = PBXFileReference; lastKnownFileType = sourcecode.swift; path = ItemInfoType.swift; sourceTree = "<group>"; };
		5228FBC42BEAC83600AC1EB6 /* GHFRepoItemView.swift */ = {isa = PBXFileReference; lastKnownFileType = sourcecode.swift; path = GHFRepoItemView.swift; sourceTree = "<group>"; };
		5228FBC62BEACA5700AC1EB6 /* GHFFollowerItemView.swift */ = {isa = PBXFileReference; lastKnownFileType = sourcecode.swift; path = GHFFollowerItemView.swift; sourceTree = "<group>"; };
		5228FBCA2BEAD0EC00AC1EB6 /* Dates+Ext.swift */ = {isa = PBXFileReference; fileEncoding = 4; lastKnownFileType = sourcecode.swift; path = "Dates+Ext.swift"; sourceTree = "<group>"; };
		5268C8B32BE4528C00EB978F /* GHFAlertView.swift */ = {isa = PBXFileReference; lastKnownFileType = sourcecode.swift; path = GHFAlertView.swift; sourceTree = "<group>"; };
		5268C8B52BE45B5400EB978F /* GHFTitleLabelView.swift */ = {isa = PBXFileReference; lastKnownFileType = sourcecode.swift; path = GHFTitleLabelView.swift; sourceTree = "<group>"; };
		5268C8B72BE45C6100EB978F /* GHFBodyLabelView.swift */ = {isa = PBXFileReference; lastKnownFileType = sourcecode.swift; path = GHFBodyLabelView.swift; sourceTree = "<group>"; };
		5268C8B92BE45EE600EB978F /* View+Ext.swift */ = {isa = PBXFileReference; lastKnownFileType = sourcecode.swift; path = "View+Ext.swift"; sourceTree = "<group>"; };
		526D8FE82BE52ECA00287022 /* Follower.swift */ = {isa = PBXFileReference; lastKnownFileType = sourcecode.swift; path = Follower.swift; sourceTree = "<group>"; };
		526D8FEA2BE52EE900287022 /* User.swift */ = {isa = PBXFileReference; lastKnownFileType = sourcecode.swift; path = User.swift; sourceTree = "<group>"; };
		526D8FF02BE53E9200287022 /* NetworkManager.swift */ = {isa = PBXFileReference; lastKnownFileType = sourcecode.swift; path = NetworkManager.swift; sourceTree = "<group>"; };
		526D8FF32BE5410500287022 /* NetworkError.swift */ = {isa = PBXFileReference; lastKnownFileType = sourcecode.swift; path = NetworkError.swift; sourceTree = "<group>"; };
		526D8FFE2BE560DD00287022 /* FollowerCell.swift */ = {isa = PBXFileReference; lastKnownFileType = sourcecode.swift; path = FollowerCell.swift; sourceTree = "<group>"; };
		526D90002BE560FE00287022 /* GHFAvatarImageView.swift */ = {isa = PBXFileReference; lastKnownFileType = sourcecode.swift; path = GHFAvatarImageView.swift; sourceTree = "<group>"; };
		528C72472BE2FE4A0063C289 /* GitHubFollowers.app */ = {isa = PBXFileReference; explicitFileType = wrapper.application; includeInIndex = 0; path = GitHubFollowers.app; sourceTree = BUILT_PRODUCTS_DIR; };
		528C724A2BE2FE4A0063C289 /* GitHubFollowersApp.swift */ = {isa = PBXFileReference; lastKnownFileType = sourcecode.swift; path = GitHubFollowersApp.swift; sourceTree = "<group>"; };
		528C724C2BE2FE4A0063C289 /* MainView.swift */ = {isa = PBXFileReference; lastKnownFileType = sourcecode.swift; path = MainView.swift; sourceTree = "<group>"; };
		528C724E2BE2FE4B0063C289 /* Assets.xcassets */ = {isa = PBXFileReference; lastKnownFileType = folder.assetcatalog; path = Assets.xcassets; sourceTree = "<group>"; };
		528C72512BE2FE4B0063C289 /* Preview Assets.xcassets */ = {isa = PBXFileReference; lastKnownFileType = folder.assetcatalog; path = "Preview Assets.xcassets"; sourceTree = "<group>"; };
		52AD047C2BE5EE4E002FF222 /* GitHubRate.swift */ = {isa = PBXFileReference; lastKnownFileType = sourcecode.swift; path = GitHubRate.swift; sourceTree = "<group>"; };
		52AD04862BE94201002FF222 /* GHFEmptyStateView.swift */ = {isa = PBXFileReference; lastKnownFileType = sourcecode.swift; path = GHFEmptyStateView.swift; sourceTree = "<group>"; };
		52AD048A2BE96C2E002FF222 /* UserDetailView.swift */ = {isa = PBXFileReference; lastKnownFileType = sourcecode.swift; path = UserDetailView.swift; sourceTree = "<group>"; };
		52CFA3C62BE40BD40004D9A5 /* GHFButton.swift */ = {isa = PBXFileReference; lastKnownFileType = sourcecode.swift; path = GHFButton.swift; sourceTree = "<group>"; };
		52CFA3C82BE40D510004D9A5 /* GHFTextField.swift */ = {isa = PBXFileReference; lastKnownFileType = sourcecode.swift; path = GHFTextField.swift; sourceTree = "<group>"; };
		52CFA3CA2BE412F90004D9A5 /* Color+Ext.swift */ = {isa = PBXFileReference; lastKnownFileType = sourcecode.swift; path = "Color+Ext.swift"; sourceTree = "<group>"; };
		52CFA3CE2BE41A1F0004D9A5 /* SearchView.swift */ = {isa = PBXFileReference; lastKnownFileType = sourcecode.swift; path = SearchView.swift; sourceTree = "<group>"; };
		52CFA3D02BE41A280004D9A5 /* FavoritesView.swift */ = {isa = PBXFileReference; lastKnownFileType = sourcecode.swift; path = FavoritesView.swift; sourceTree = "<group>"; };
		52CFA3D42BE431320004D9A5 /* FollowersView.swift */ = {isa = PBXFileReference; lastKnownFileType = sourcecode.swift; path = FollowersView.swift; sourceTree = "<group>"; };
		52CFA3D62BE434080004D9A5 /* GHFText.swift */ = {isa = PBXFileReference; lastKnownFileType = sourcecode.swift; path = GHFText.swift; sourceTree = "<group>"; };
		52CFA3D82BE43C5D0004D9A5 /* String+Ext.swift */ = {isa = PBXFileReference; lastKnownFileType = sourcecode.swift; path = "String+Ext.swift"; sourceTree = "<group>"; };
/* End PBXFileReference section */

/* Begin PBXFrameworksBuildPhase section */
		528C72442BE2FE4A0063C289 /* Frameworks */ = {
			isa = PBXFrameworksBuildPhase;
			buildActionMask = 2147483647;
			files = (
			);
			runOnlyForDeploymentPostprocessing = 0;
		};
/* End PBXFrameworksBuildPhase section */

/* Begin PBXGroup section */
		5268C8BF2BE4695800EB978F /* Extensions */ = {
			isa = PBXGroup;
			children = (
				52CFA3CA2BE412F90004D9A5 /* Color+Ext.swift */,
				52CFA3D82BE43C5D0004D9A5 /* String+Ext.swift */,
				5268C8B92BE45EE600EB978F /* View+Ext.swift */,
				5228FBCA2BEAD0EC00AC1EB6 /* Dates+Ext.swift */,
			);
			path = Extensions;
			sourceTree = "<group>";
		};
		5268C8C02BE4697400EB978F /* CustomViews */ = {
			isa = PBXGroup;
			children = (
				526D8FFD2BE560C800287022 /* Cells */,
				52AD04862BE94201002FF222 /* GHFEmptyStateView.swift */,
				52CFA3C62BE40BD40004D9A5 /* GHFButton.swift */,
				52CFA3D62BE434080004D9A5 /* GHFText.swift */,
				52CFA3C82BE40D510004D9A5 /* GHFTextField.swift */,
				5268C8B32BE4528C00EB978F /* GHFAlertView.swift */,
				5268C8B52BE45B5400EB978F /* GHFTitleLabelView.swift */,
				5268C8B72BE45C6100EB978F /* GHFBodyLabelView.swift */,
				5228FBB32BEA9C5500AC1EB6 /* GHFSecondaryTitleLabelView.swift */,
				526D90002BE560FE00287022 /* GHFAvatarImageView.swift */,
				5228FBB52BEA9CE100AC1EB6 /* GHFUserInfoHeaderView.swift */,
				5228FBB92BEAB54000AC1EB6 /* GHFItemInfoView.swift */,
				5228FBC42BEAC83600AC1EB6 /* GHFRepoItemView.swift */,
				5228FBC62BEACA5700AC1EB6 /* GHFFollowerItemView.swift */,
			);
			path = CustomViews;
			sourceTree = "<group>";
		};
		526D8FE72BE52EBD00287022 /* Models */ = {
			isa = PBXGroup;
			children = (
				526D8FE82BE52ECA00287022 /* Follower.swift */,
				526D8FEA2BE52EE900287022 /* User.swift */,
				52AD047C2BE5EE4E002FF222 /* GitHubRate.swift */,
			);
			path = Models;
			sourceTree = "<group>";
		};
		526D8FEF2BE53E8900287022 /* Managers */ = {
			isa = PBXGroup;
			children = (
				526D8FF02BE53E9200287022 /* NetworkManager.swift */,
			);
			path = Managers;
			sourceTree = "<group>";
		};
		526D8FF22BE540F600287022 /* Enums */ = {
			isa = PBXGroup;
			children = (
				526D8FF32BE5410500287022 /* NetworkError.swift */,
				5228FBBB2BEAB59500AC1EB6 /* ItemInfoType.swift */,
			);
			path = Enums;
			sourceTree = "<group>";
		};
		526D8FFD2BE560C800287022 /* Cells */ = {
			isa = PBXGroup;
			children = (
				526D8FFE2BE560DD00287022 /* FollowerCell.swift */,
			);
			path = Cells;
			sourceTree = "<group>";
		};
		528C723E2BE2FE4A0063C289 = {
			isa = PBXGroup;
			children = (
				528C72492BE2FE4A0063C289 /* GitHubFollowers */,
				528C72482BE2FE4A0063C289 /* Products */,
			);
			sourceTree = "<group>";
		};
		528C72482BE2FE4A0063C289 /* Products */ = {
			isa = PBXGroup;
			children = (
				528C72472BE2FE4A0063C289 /* GitHubFollowers.app */,
			);
			name = Products;
			sourceTree = "<group>";
		};
		528C72492BE2FE4A0063C289 /* GitHubFollowers */ = {
			isa = PBXGroup;
			children = (
				526D8FF22BE540F600287022 /* Enums */,
				526D8FEF2BE53E8900287022 /* Managers */,
				528C724A2BE2FE4A0063C289 /* GitHubFollowersApp.swift */,
				528C724C2BE2FE4A0063C289 /* MainView.swift */,
				52CFA3CE2BE41A1F0004D9A5 /* SearchView.swift */,
				52CFA3D42BE431320004D9A5 /* FollowersView.swift */,
				52CFA3D02BE41A280004D9A5 /* FavoritesView.swift */,
				52AD048A2BE96C2E002FF222 /* UserDetailView.swift */,
				521202252BEBDC5D00A927A4 /* SafariView.swift */,
				5268C8C02BE4697400EB978F /* CustomViews */,
				526D8FE72BE52EBD00287022 /* Models */,
				5268C8BF2BE4695800EB978F /* Extensions */,
				528C724E2BE2FE4B0063C289 /* Assets.xcassets */,
				528C72502BE2FE4B0063C289 /* Preview Content */,
			);
			path = GitHubFollowers;
			sourceTree = "<group>";
		};
		528C72502BE2FE4B0063C289 /* Preview Content */ = {
			isa = PBXGroup;
			children = (
				528C72512BE2FE4B0063C289 /* Preview Assets.xcassets */,
			);
			path = "Preview Content";
			sourceTree = "<group>";
		};
/* End PBXGroup section */

/* Begin PBXNativeTarget section */
		528C72462BE2FE4A0063C289 /* GitHubFollowers */ = {
			isa = PBXNativeTarget;
			buildConfigurationList = 528C72552BE2FE4B0063C289 /* Build configuration list for PBXNativeTarget "GitHubFollowers" */;
			buildPhases = (
				528C72432BE2FE4A0063C289 /* Sources */,
				528C72442BE2FE4A0063C289 /* Frameworks */,
				528C72452BE2FE4A0063C289 /* Resources */,
			);
			buildRules = (
			);
			dependencies = (
			);
			name = GitHubFollowers;
			productName = GitHubFollowers;
			productReference = 528C72472BE2FE4A0063C289 /* GitHubFollowers.app */;
			productType = "com.apple.product-type.application";
		};
/* End PBXNativeTarget section */

/* Begin PBXProject section */
		528C723F2BE2FE4A0063C289 /* Project object */ = {
			isa = PBXProject;
			attributes = {
				BuildIndependentTargetsInParallel = 1;
				LastSwiftUpdateCheck = 1530;
				LastUpgradeCheck = 1530;
				TargetAttributes = {
					528C72462BE2FE4A0063C289 = {
						CreatedOnToolsVersion = 15.3;
					};
				};
			};
			buildConfigurationList = 528C72422BE2FE4A0063C289 /* Build configuration list for PBXProject "GitHubFollowers" */;
			compatibilityVersion = "Xcode 14.0";
			developmentRegion = en;
			hasScannedForEncodings = 0;
			knownRegions = (
				en,
				Base,
			);
			mainGroup = 528C723E2BE2FE4A0063C289;
			productRefGroup = 528C72482BE2FE4A0063C289 /* Products */;
			projectDirPath = "";
			projectRoot = "";
			targets = (
				528C72462BE2FE4A0063C289 /* GitHubFollowers */,
			);
		};
/* End PBXProject section */

/* Begin PBXResourcesBuildPhase section */
		528C72452BE2FE4A0063C289 /* Resources */ = {
			isa = PBXResourcesBuildPhase;
			buildActionMask = 2147483647;
			files = (
				528C72522BE2FE4B0063C289 /* Preview Assets.xcassets in Resources */,
				528C724F2BE2FE4B0063C289 /* Assets.xcassets in Resources */,
			);
			runOnlyForDeploymentPostprocessing = 0;
		};
/* End PBXResourcesBuildPhase section */

/* Begin PBXSourcesBuildPhase section */
		528C72432BE2FE4A0063C289 /* Sources */ = {
			isa = PBXSourcesBuildPhase;
			buildActionMask = 2147483647;
			files = (
				52CFA3D72BE434080004D9A5 /* GHFText.swift in Sources */,
				526D8FE92BE52ECA00287022 /* Follower.swift in Sources */,
				52CFA3C72BE40BD40004D9A5 /* GHFButton.swift in Sources */,
				526D8FFF2BE560DD00287022 /* FollowerCell.swift in Sources */,
				5268C8BA2BE45EE600EB978F /* View+Ext.swift in Sources */,
				5228FBBC2BEAB59500AC1EB6 /* ItemInfoType.swift in Sources */,
				526D8FEB2BE52EE900287022 /* User.swift in Sources */,
				528C724D2BE2FE4A0063C289 /* MainView.swift in Sources */,
				528C724B2BE2FE4A0063C289 /* GitHubFollowersApp.swift in Sources */,
				52CFA3CF2BE41A1F0004D9A5 /* SearchView.swift in Sources */,
				5228FBBA2BEAB54100AC1EB6 /* GHFItemInfoView.swift in Sources */,
				5268C8B62BE45B5400EB978F /* GHFTitleLabelView.swift in Sources */,
				52AD04872BE94201002FF222 /* GHFEmptyStateView.swift in Sources */,
				52CFA3D12BE41A280004D9A5 /* FavoritesView.swift in Sources */,
				526D8FF12BE53E9200287022 /* NetworkManager.swift in Sources */,
				5228FBC72BEACA5700AC1EB6 /* GHFFollowerItemView.swift in Sources */,
				52CFA3C92BE40D510004D9A5 /* GHFTextField.swift in Sources */,
				5228FBCB2BEAD0EC00AC1EB6 /* Dates+Ext.swift in Sources */,
				52AD047D2BE5EE4E002FF222 /* GitHubRate.swift in Sources */,
				521202262BEBDC5D00A927A4 /* SafariView.swift in Sources */,
				526D90012BE560FE00287022 /* GHFAvatarImageView.swift in Sources */,
				52CFA3D52BE431320004D9A5 /* FollowersView.swift in Sources */,
				5268C8B42BE4528C00EB978F /* GHFAlertView.swift in Sources */,
				52CFA3D92BE43C5D0004D9A5 /* String+Ext.swift in Sources */,
				526D8FF42BE5410500287022 /* NetworkError.swift in Sources */,
				5228FBB42BEA9C5500AC1EB6 /* GHFSecondaryTitleLabelView.swift in Sources */,
				5228FBC52BEAC83600AC1EB6 /* GHFRepoItemView.swift in Sources */,
				5228FBB62BEA9CE100AC1EB6 /* GHFUserInfoHeaderView.swift in Sources */,
				52CFA3CB2BE412F90004D9A5 /* Color+Ext.swift in Sources */,
				5268C8B82BE45C6100EB978F /* GHFBodyLabelView.swift in Sources */,
				52AD048B2BE96C2E002FF222 /* UserDetailView.swift in Sources */,
			);
			runOnlyForDeploymentPostprocessing = 0;
		};
/* End PBXSourcesBuildPhase section */

/* Begin XCBuildConfiguration section */
		528C72532BE2FE4B0063C289 /* Debug */ = {
			isa = XCBuildConfiguration;
			buildSettings = {
				ALWAYS_SEARCH_USER_PATHS = NO;
				ASSETCATALOG_COMPILER_GENERATE_SWIFT_ASSET_SYMBOL_EXTENSIONS = YES;
				CLANG_ANALYZER_NONNULL = YES;
				CLANG_ANALYZER_NUMBER_OBJECT_CONVERSION = YES_AGGRESSIVE;
				CLANG_CXX_LANGUAGE_STANDARD = "gnu++20";
				CLANG_ENABLE_MODULES = YES;
				CLANG_ENABLE_OBJC_ARC = YES;
				CLANG_ENABLE_OBJC_WEAK = YES;
				CLANG_WARN_BLOCK_CAPTURE_AUTORELEASING = YES;
				CLANG_WARN_BOOL_CONVERSION = YES;
				CLANG_WARN_COMMA = YES;
				CLANG_WARN_CONSTANT_CONVERSION = YES;
				CLANG_WARN_DEPRECATED_OBJC_IMPLEMENTATIONS = YES;
				CLANG_WARN_DIRECT_OBJC_ISA_USAGE = YES_ERROR;
				CLANG_WARN_DOCUMENTATION_COMMENTS = YES;
				CLANG_WARN_EMPTY_BODY = YES;
				CLANG_WARN_ENUM_CONVERSION = YES;
				CLANG_WARN_INFINITE_RECURSION = YES;
				CLANG_WARN_INT_CONVERSION = YES;
				CLANG_WARN_NON_LITERAL_NULL_CONVERSION = YES;
				CLANG_WARN_OBJC_IMPLICIT_RETAIN_SELF = YES;
				CLANG_WARN_OBJC_LITERAL_CONVERSION = YES;
				CLANG_WARN_OBJC_ROOT_CLASS = YES_ERROR;
				CLANG_WARN_QUOTED_INCLUDE_IN_FRAMEWORK_HEADER = YES;
				CLANG_WARN_RANGE_LOOP_ANALYSIS = YES;
				CLANG_WARN_STRICT_PROTOTYPES = YES;
				CLANG_WARN_SUSPICIOUS_MOVE = YES;
				CLANG_WARN_UNGUARDED_AVAILABILITY = YES_AGGRESSIVE;
				CLANG_WARN_UNREACHABLE_CODE = YES;
				CLANG_WARN__DUPLICATE_METHOD_MATCH = YES;
				COPY_PHASE_STRIP = NO;
				DEBUG_INFORMATION_FORMAT = dwarf;
				ENABLE_STRICT_OBJC_MSGSEND = YES;
				ENABLE_TESTABILITY = YES;
				ENABLE_USER_SCRIPT_SANDBOXING = YES;
				GCC_C_LANGUAGE_STANDARD = gnu17;
				GCC_DYNAMIC_NO_PIC = NO;
				GCC_NO_COMMON_BLOCKS = YES;
				GCC_OPTIMIZATION_LEVEL = 0;
				GCC_PREPROCESSOR_DEFINITIONS = (
					"DEBUG=1",
					"$(inherited)",
				);
				GCC_WARN_64_TO_32_BIT_CONVERSION = YES;
				GCC_WARN_ABOUT_RETURN_TYPE = YES_ERROR;
				GCC_WARN_UNDECLARED_SELECTOR = YES;
				GCC_WARN_UNINITIALIZED_AUTOS = YES_AGGRESSIVE;
				GCC_WARN_UNUSED_FUNCTION = YES;
				GCC_WARN_UNUSED_VARIABLE = YES;
				IPHONEOS_DEPLOYMENT_TARGET = 17.4;
				LOCALIZATION_PREFERS_STRING_CATALOGS = YES;
				MTL_ENABLE_DEBUG_INFO = INCLUDE_SOURCE;
				MTL_FAST_MATH = YES;
				ONLY_ACTIVE_ARCH = YES;
				SDKROOT = iphoneos;
				SWIFT_ACTIVE_COMPILATION_CONDITIONS = "DEBUG $(inherited)";
				SWIFT_OPTIMIZATION_LEVEL = "-Onone";
			};
			name = Debug;
		};
		528C72542BE2FE4B0063C289 /* Release */ = {
			isa = XCBuildConfiguration;
			buildSettings = {
				ALWAYS_SEARCH_USER_PATHS = NO;
				ASSETCATALOG_COMPILER_GENERATE_SWIFT_ASSET_SYMBOL_EXTENSIONS = YES;
				CLANG_ANALYZER_NONNULL = YES;
				CLANG_ANALYZER_NUMBER_OBJECT_CONVERSION = YES_AGGRESSIVE;
				CLANG_CXX_LANGUAGE_STANDARD = "gnu++20";
				CLANG_ENABLE_MODULES = YES;
				CLANG_ENABLE_OBJC_ARC = YES;
				CLANG_ENABLE_OBJC_WEAK = YES;
				CLANG_WARN_BLOCK_CAPTURE_AUTORELEASING = YES;
				CLANG_WARN_BOOL_CONVERSION = YES;
				CLANG_WARN_COMMA = YES;
				CLANG_WARN_CONSTANT_CONVERSION = YES;
				CLANG_WARN_DEPRECATED_OBJC_IMPLEMENTATIONS = YES;
				CLANG_WARN_DIRECT_OBJC_ISA_USAGE = YES_ERROR;
				CLANG_WARN_DOCUMENTATION_COMMENTS = YES;
				CLANG_WARN_EMPTY_BODY = YES;
				CLANG_WARN_ENUM_CONVERSION = YES;
				CLANG_WARN_INFINITE_RECURSION = YES;
				CLANG_WARN_INT_CONVERSION = YES;
				CLANG_WARN_NON_LITERAL_NULL_CONVERSION = YES;
				CLANG_WARN_OBJC_IMPLICIT_RETAIN_SELF = YES;
				CLANG_WARN_OBJC_LITERAL_CONVERSION = YES;
				CLANG_WARN_OBJC_ROOT_CLASS = YES_ERROR;
				CLANG_WARN_QUOTED_INCLUDE_IN_FRAMEWORK_HEADER = YES;
				CLANG_WARN_RANGE_LOOP_ANALYSIS = YES;
				CLANG_WARN_STRICT_PROTOTYPES = YES;
				CLANG_WARN_SUSPICIOUS_MOVE = YES;
				CLANG_WARN_UNGUARDED_AVAILABILITY = YES_AGGRESSIVE;
				CLANG_WARN_UNREACHABLE_CODE = YES;
				CLANG_WARN__DUPLICATE_METHOD_MATCH = YES;
				COPY_PHASE_STRIP = NO;
				DEBUG_INFORMATION_FORMAT = "dwarf-with-dsym";
				ENABLE_NS_ASSERTIONS = NO;
				ENABLE_STRICT_OBJC_MSGSEND = YES;
				ENABLE_USER_SCRIPT_SANDBOXING = YES;
				GCC_C_LANGUAGE_STANDARD = gnu17;
				GCC_NO_COMMON_BLOCKS = YES;
				GCC_WARN_64_TO_32_BIT_CONVERSION = YES;
				GCC_WARN_ABOUT_RETURN_TYPE = YES_ERROR;
				GCC_WARN_UNDECLARED_SELECTOR = YES;
				GCC_WARN_UNINITIALIZED_AUTOS = YES_AGGRESSIVE;
				GCC_WARN_UNUSED_FUNCTION = YES;
				GCC_WARN_UNUSED_VARIABLE = YES;
				IPHONEOS_DEPLOYMENT_TARGET = 17.4;
				LOCALIZATION_PREFERS_STRING_CATALOGS = YES;
				MTL_ENABLE_DEBUG_INFO = NO;
				MTL_FAST_MATH = YES;
				SDKROOT = iphoneos;
				SWIFT_COMPILATION_MODE = wholemodule;
				VALIDATE_PRODUCT = YES;
			};
			name = Release;
		};
		528C72562BE2FE4B0063C289 /* Debug */ = {
			isa = XCBuildConfiguration;
			buildSettings = {
				ASSETCATALOG_COMPILER_APPICON_NAME = AppIcon;
				ASSETCATALOG_COMPILER_GLOBAL_ACCENT_COLOR_NAME = AccentColor;
				CODE_SIGN_STYLE = Automatic;
				CURRENT_PROJECT_VERSION = 1;
				DEVELOPMENT_ASSET_PATHS = "\"GitHubFollowers/Preview Content\"";
				DEVELOPMENT_TEAM = L97JMB29U2;
				ENABLE_PREVIEWS = YES;
				GENERATE_INFOPLIST_FILE = YES;
				INFOPLIST_KEY_UIApplicationSceneManifest_Generation = YES;
				INFOPLIST_KEY_UIApplicationSupportsIndirectInputEvents = YES;
				INFOPLIST_KEY_UILaunchScreen_Generation = YES;
				INFOPLIST_KEY_UISupportedInterfaceOrientations_iPad = "UIInterfaceOrientationPortrait UIInterfaceOrientationPortraitUpsideDown UIInterfaceOrientationLandscapeLeft UIInterfaceOrientationLandscapeRight";
				INFOPLIST_KEY_UISupportedInterfaceOrientations_iPhone = "UIInterfaceOrientationPortrait UIInterfaceOrientationLandscapeLeft UIInterfaceOrientationLandscapeRight";
				LD_RUNPATH_SEARCH_PATHS = (
					"$(inherited)",
					"@executable_path/Frameworks",
				);
				MARKETING_VERSION = 1.0;
				PRODUCT_BUNDLE_IDENTIFIER = com.playfullogic.GitHubFollowers;
				PRODUCT_NAME = "$(TARGET_NAME)";
				SWIFT_EMIT_LOC_STRINGS = YES;
				SWIFT_VERSION = 5.0;
				TARGETED_DEVICE_FAMILY = "1,2";
			};
			name = Debug;
		};
		528C72572BE2FE4B0063C289 /* Release */ = {
			isa = XCBuildConfiguration;
			buildSettings = {
				ASSETCATALOG_COMPILER_APPICON_NAME = AppIcon;
				ASSETCATALOG_COMPILER_GLOBAL_ACCENT_COLOR_NAME = AccentColor;
				CODE_SIGN_STYLE = Automatic;
				CURRENT_PROJECT_VERSION = 1;
				DEVELOPMENT_ASSET_PATHS = "\"GitHubFollowers/Preview Content\"";
				DEVELOPMENT_TEAM = L97JMB29U2;
				ENABLE_PREVIEWS = YES;
				GENERATE_INFOPLIST_FILE = YES;
				INFOPLIST_KEY_UIApplicationSceneManifest_Generation = YES;
				INFOPLIST_KEY_UIApplicationSupportsIndirectInputEvents = YES;
				INFOPLIST_KEY_UILaunchScreen_Generation = YES;
				INFOPLIST_KEY_UISupportedInterfaceOrientations_iPad = "UIInterfaceOrientationPortrait UIInterfaceOrientationPortraitUpsideDown UIInterfaceOrientationLandscapeLeft UIInterfaceOrientationLandscapeRight";
				INFOPLIST_KEY_UISupportedInterfaceOrientations_iPhone = "UIInterfaceOrientationPortrait UIInterfaceOrientationLandscapeLeft UIInterfaceOrientationLandscapeRight";
				LD_RUNPATH_SEARCH_PATHS = (
					"$(inherited)",
					"@executable_path/Frameworks",
				);
				MARKETING_VERSION = 1.0;
				PRODUCT_BUNDLE_IDENTIFIER = com.playfullogic.GitHubFollowers;
				PRODUCT_NAME = "$(TARGET_NAME)";
				SWIFT_EMIT_LOC_STRINGS = YES;
				SWIFT_VERSION = 5.0;
				TARGETED_DEVICE_FAMILY = "1,2";
			};
			name = Release;
		};
/* End XCBuildConfiguration section */

/* Begin XCConfigurationList section */
		528C72422BE2FE4A0063C289 /* Build configuration list for PBXProject "GitHubFollowers" */ = {
			isa = XCConfigurationList;
			buildConfigurations = (
				528C72532BE2FE4B0063C289 /* Debug */,
				528C72542BE2FE4B0063C289 /* Release */,
			);
			defaultConfigurationIsVisible = 0;
			defaultConfigurationName = Release;
		};
		528C72552BE2FE4B0063C289 /* Build configuration list for PBXNativeTarget "GitHubFollowers" */ = {
			isa = XCConfigurationList;
			buildConfigurations = (
				528C72562BE2FE4B0063C289 /* Debug */,
				528C72572BE2FE4B0063C289 /* Release */,
			);
			defaultConfigurationIsVisible = 0;
			defaultConfigurationName = Release;
		};
/* End XCConfigurationList section */
	};
	rootObject = 528C723F2BE2FE4A0063C289 /* Project object */;
}
